PODS:
  - Capacitor (3.2.0):
    - CapacitorCordova
  - CapacitorCordova (3.2.0)
  - MBBlinkCard (2.3.0)

DEPENDENCIES:
  - "Capacitor (from `../node_modules/@capacitor/ios`)"
  - "CapacitorCordova (from `../node_modules/@capacitor/ios`)"
  - MBBlinkCard (~> 2.3.0)

SPEC REPOS:
  trunk:
    - MBBlinkCard

EXTERNAL SOURCES:
  Capacitor:
    :path: "../node_modules/@capacitor/ios"
  CapacitorCordova:
    :path: "../node_modules/@capacitor/ios"

SPEC CHECKSUMS:
  Capacitor: 97ac74f937eb9cd098b067c48f2e00de62c8b3c9
  CapacitorCordova: 643fc644c43204cf1a344b19ef0423beae5ae9ff
  MBBlinkCard: 8ca2f56b83f14ff70a318621605f71881c2bb37e

PODFILE CHECKSUM: 021a39e2d279271349819b33067f227ec3be12a0

COCOAPODS: 1.10.1
